<Solution>
  <Folder Name="/companion.Tests/">
    <Project Path="companion.Tests/GuildProfessions.Companion.Tests.csproj" />
  </Folder>
  <Folder Name="/companion/">
    <Project Path="companion/GuildProfessions.Companion.csproj" />
  </Folder>
  <Folder Name="/server.Tests/">
    <Project Path="server.Tests/GuildProfessions.Server.Tests.csproj" />
  </Folder>
  <Folder Name="/server/">
    <Project Path="server/GuildProfessions.Server.csproj" />
  </Folder>
</Solution>
